
Microsoft Visual Studio Solution File, Format Version 12.00
# Visual Studio 2013
VisualStudioVersion = 12.0.31101.0
MinimumVisualStudioVersion = 10.0.40219.1
Project("{FAE04EC0-301F-11D3-BF4B-00C04F79EFBC}") = "Test_DynamicLoadDLL", "Test_DynamicLoadDLL\Test_DynamicLoadDLL.csproj", "{9601E48D-7FD5-4391-9079-F6977C394989}"
EndProject
Project("{FAE04EC0-301F-11D3-BF4B-00C04F79EFBC}") = "IPlugIn_Test", "IPlugIn\IPlugIn_Test.csproj", "{FC9DCFC9-6861-498A-ABA3-EA2C893BC7C2}"
EndProject
Project("{FAE04EC0-301F-11D3-BF4B-00C04F79EFBC}") = "PlugIn1", "PlugIn1\PlugIn1.csproj", "{39025616-4AD4-454A-82B2-D202FBFAD956}"
EndProject
Project("{FAE04EC0-301F-11D3-BF4B-00C04F79EFBC}") = "PlugIn2", "PlugIn2\PlugIn2.csproj", "{3358DD1C-62AE-4150-96BF-DDB1FF058CD6}"
EndProject
Project("{FAE04EC0-301F-11D3-BF4B-00C04F79EFBC}") = "Test_Native_And_COM_Interoperability", "Test_Native_And_COM_Interoperability\Test_Native_And_COM_Interoperability.csproj", "{6DB5ECD4-76A6-4C06-8A08-1097B79C6378}"
EndProject
Global
	GlobalSection(SolutionConfigurationPlatforms) = preSolution
		Debug|Any CPU = Debug|Any CPU
		Release|Any CPU = Release|Any CPU
	EndGlobalSection
	GlobalSection(ProjectConfigurationPlatforms) = postSolution
		{9601E48D-7FD5-4391-9079-F6977C394989}.Debug|Any CPU.ActiveCfg = Debug|Any CPU
		{9601E48D-7FD5-4391-9079-F6977C394989}.Debug|Any CPU.Build.0 = Debug|Any CPU
		{9601E48D-7FD5-4391-9079-F6977C394989}.Release|Any CPU.ActiveCfg = Release|Any CPU
		{9601E48D-7FD5-4391-9079-F6977C394989}.Release|Any CPU.Build.0 = Release|Any CPU
		{FC9DCFC9-6861-498A-ABA3-EA2C893BC7C2}.Debug|Any CPU.ActiveCfg = Debug|Any CPU
		{FC9DCFC9-6861-498A-ABA3-EA2C893BC7C2}.Debug|Any CPU.Build.0 = Debug|Any CPU
		{FC9DCFC9-6861-498A-ABA3-EA2C893BC7C2}.Release|Any CPU.ActiveCfg = Release|Any CPU
		{FC9DCFC9-6861-498A-ABA3-EA2C893BC7C2}.Release|Any CPU.Build.0 = Release|Any CPU
		{39025616-4AD4-454A-82B2-D202FBFAD956}.Debug|Any CPU.ActiveCfg = Debug|Any CPU
		{39025616-4AD4-454A-82B2-D202FBFAD956}.Debug|Any CPU.Build.0 = Debug|Any CPU
		{39025616-4AD4-454A-82B2-D202FBFAD956}.Release|Any CPU.ActiveCfg = Release|Any CPU
		{39025616-4AD4-454A-82B2-D202FBFAD956}.Release|Any CPU.Build.0 = Release|Any CPU
		{3358DD1C-62AE-4150-96BF-DDB1FF058CD6}.Debug|Any CPU.ActiveCfg = Debug|Any CPU
		{3358DD1C-62AE-4150-96BF-DDB1FF058CD6}.Debug|Any CPU.Build.0 = Debug|Any CPU
		{3358DD1C-62AE-4150-96BF-DDB1FF058CD6}.Release|Any CPU.ActiveCfg = Release|Any CPU
		{3358DD1C-62AE-4150-96BF-DDB1FF058CD6}.Release|Any CPU.Build.0 = Release|Any CPU
		{6DB5ECD4-76A6-4C06-8A08-1097B79C6378}.Debug|Any CPU.ActiveCfg = Debug|Any CPU
		{6DB5ECD4-76A6-4C06-8A08-1097B79C6378}.Debug|Any CPU.Build.0 = Debug|Any CPU
		{6DB5ECD4-76A6-4C06-8A08-1097B79C6378}.Release|Any CPU.ActiveCfg = Release|Any CPU
		{6DB5ECD4-76A6-4C06-8A08-1097B79C6378}.Release|Any CPU.Build.0 = Release|Any CPU
	EndGlobalSection
	GlobalSection(SolutionProperties) = preSolution
		HideSolutionNode = FALSE
	EndGlobalSection
EndGlobal
